<?xml version="1.0" encoding="utf-8"?>
<Project xmlns="http://schemas.microsoft.com/developer/msbuild/2003">
  <ItemGroup>
    <Filter Include="Form Files">
      <UniqueIdentifier>{99349809-55BA-4b9d-BF79-8FDBB0286EB3}</UniqueIdentifier>
      <Extensions>ui</Extensions>
      <ParseFiles>false</ParseFiles>
    </Filter>
    <Filter Include="Form Files">
      <UniqueIdentifier>{99349809-55BA-4b9d-BF79-8FDBB0286EB3}</UniqueIdentifier>
      <Extensions>ui</Extensions>
      <ParseFiles>false</ParseFiles>
    </Filter>
    <Filter Include="Generated Files">
      <UniqueIdentifier>{71ED8ED8-ACB9-4CE9-BBE1-E00B30144E11}</UniqueIdentifier>
      <Extensions>cpp;c;cxx;moc;h;def;odl;idl;res;</Extensions>
    </Filter>
    <Filter Include="Generated Files">
      <UniqueIdentifier>{71ED8ED8-ACB9-4CE9-BBE1-E00B30144E11}</UniqueIdentifier>
      <Extensions>cpp;c;cxx;moc;h;def;odl;idl;res;</Extensions>
    </Filter>
    <Filter Include="Header Files">
      <UniqueIdentifier>{93995380-89BD-4b04-88EB-625FBE52EBFB}</UniqueIdentifier>
      <Extensions>h;hpp;hxx;hm;inl;inc;xsd</Extensions>
    </Filter>
    <Filter Include="Header Files">
      <UniqueIdentifier>{93995380-89BD-4b04-88EB-625FBE52EBFB}</UniqueIdentifier>
      <Extensions>h;hpp;hxx;hm;inl;inc;xsd</Extensions>
    </Filter>
    <Filter Include="Source Files">
      <UniqueIdentifier>{4FC737F1-C7A5-4376-A066-2A32D752A2FF}</UniqueIdentifier>
      <Extensions>cpp;c;cxx;def;odl;idl;hpj;bat;asm;asmx</Extensions>
    </Filter>
    <Filter Include="Source Files">
      <UniqueIdentifier>{4FC737F1-C7A5-4376-A066-2A32D752A2FF}</UniqueIdentifier>
      <Extensions>cpp;c;cxx;def;odl;idl;hpj;bat;asm;asmx</Extensions>
    </Filter>
    <Filter Include="Generated Files\Debug">
      <UniqueIdentifier>{948685f1-b734-47a0-a415-171bfe0abc39}</UniqueIdentifier>
      <Extensions>cpp;moc</Extensions>
      <SourceControlFiles>False</SourceControlFiles>
    </Filter>
    <Filter Include="Generated Files\Release">
      <UniqueIdentifier>{492f801c-31b8-4b9a-907b-461656edc1e3}</UniqueIdentifier>
      <Extensions>cpp;moc</Extensions>
      <SourceControlFiles>False</SourceControlFiles>
    </Filter>
  </ItemGroup>
  <ItemGroup>
    <ClCompile Include="abstractauthreceiver.cpp">
      <Filter>Source Files</Filter>
    </ClCompile>
    <ClCompile Include="controllerauth.cpp">
      <Filter>Source Files</Filter>
    </ClCompile>
    <ClCompile Include="controllerbanktransfer.cpp">
      <Filter>Source Files</Filter>
    </ClCompile>
    <ClCompile Include="controllermainpanel.cpp">
      <Filter>Source Files</Filter>
    </ClCompile>
    <ClCompile Include="controllermanualmode.cpp">
      <Filter>Source Files</Filter>
    </ClCompile>
    <ClCompile Include="controllermaterialtransfer.cpp">
      <Filter>Source Files</Filter>
    </ClCompile>
    <ClCompile Include="controllersafety.cpp">
      <Filter>Source Files</Filter>
    </ClCompile>
    <ClCompile Include="definitionauxiliarykeys.cpp">
      <Filter>Source Files</Filter>
    </ClCompile>
    <ClCompile Include="definitionbasicblocks.cpp">
      <Filter>Source Files</Filter>
    </ClCompile>
    <ClCompile Include="definitionsbaselayer.cpp">
      <Filter>Source Files</Filter>
    </ClCompile>
    <ClCompile Include="delegatedataselector.cpp">
      <Filter>Source Files</Filter>
    </ClCompile>
    <ClCompile Include="delegatematerialselector.cpp">
      <Filter>Source Files</Filter>
    </ClCompile>
    <ClCompile Include="enumcomboboxdynamic.cpp">
      <Filter>Source Files</Filter>
    </ClCompile>
    <ClCompile Include="frontbanktransfer.cpp">
      <Filter>Source Files</Filter>
    </ClCompile>
    <ClCompile Include="frontconfigurationtransfer.cpp">
      <Filter>Source Files</Filter>
    </ClCompile>
    <ClCompile Include="frontcontrolpanel.cpp">
      <Filter>Source Files</Filter>
    </ClCompile>
    <ClCompile Include="frontcylinderpanel.cpp">
      <Filter>Source Files</Filter>
    </ClCompile>
    <ClCompile Include="frontiooverride.cpp">
      <Filter>Source Files</Filter>
    </ClCompile>
    <ClCompile Include="frontmanaualmode.cpp">
      <Filter>Source Files</Filter>
    </ClCompile>
    <ClCompile Include="frontmaterialselection.cpp">
      <Filter>Source Files</Filter>
    </ClCompile>
    <ClCompile Include="frontmaterialselectionv2.cpp">
      <Filter>Source Files</Filter>
    </ClCompile>
    <ClCompile Include="frontreportquerytable.cpp">
      <Filter>Source Files</Filter>
    </ClCompile>
    <ClCompile Include="frontsafetypanel.cpp">
      <Filter>Source Files</Filter>
    </ClCompile>
    <ClCompile Include="frontsinglefilter.cpp">
      <Filter>Source Files</Filter>
    </ClCompile>
    <ClCompile Include="frontslot.cpp">
      <Filter>Source Files</Filter>
    </ClCompile>
    <ClCompile Include="fronttwinfilter.cpp">
      <Filter>Source Files</Filter>
    </ClCompile>
    <ClCompile Include="frontunitpanel.cpp">
      <Filter>Source Files</Filter>
    </ClCompile>
    <ClCompile Include="junctionbankdatabase.cpp">
      <Filter>Source Files</Filter>
    </ClCompile>
    <ClCompile Include="main.cpp">
      <Filter>Source Files</Filter>
    </ClCompile>
    <ClCompile Include="mainwindow.cpp">
      <Filter>Source Files</Filter>
    </ClCompile>
    <ClCompile Include="modbuschannel.cpp">
      <Filter>Source Files</Filter>
    </ClCompile>
    <ClCompile Include="modbusserializedclient.cpp">
      <Filter>Source Files</Filter>
    </ClCompile>
    <ClCompile Include="modbussetupwidget.cpp">
      <Filter>Source Files</Filter>
    </ClCompile>
    <ClCompile Include="tablemodelcylindervisual.cpp">
      <Filter>Source Files</Filter>
    </ClCompile>
    <ClCompile Include="tablemodeliooverride.cpp">
      <Filter>Source Files</Filter>
    </ClCompile>
    <ClCompile Include="utilities.cpp">
      <Filter>Source Files</Filter>
    </ClCompile>
    <ClCompile Include="adsclient.cpp">
      <Filter>Source Files</Filter>
    </ClCompile>
    <ClCompile Include="Debug\moc_tablemodeliooverride.cpp">
      <Filter>Generated Files\Debug</Filter>
    </ClCompile>
    <ClCompile Include="Release\moc_tablemodeliooverride.cpp">
      <Filter>Generated Files\Release</Filter>
    </ClCompile>
    <ClCompile Include="Debug\moc_tablemodelcylindervisual.cpp">
      <Filter>Generated Files\Debug</Filter>
    </ClCompile>
    <ClCompile Include="Release\moc_tablemodelcylindervisual.cpp">
      <Filter>Generated Files\Release</Filter>
    </ClCompile>
    <ClCompile Include="Debug\moc_modbussetupwidget.cpp">
      <Filter>Generated Files\Debug</Filter>
    </ClCompile>
    <ClCompile Include="Release\moc_modbussetupwidget.cpp">
      <Filter>Generated Files\Release</Filter>
    </ClCompile>
    <ClCompile Include="Debug\moc_modbusserializedclient.cpp">
      <Filter>Generated Files\Debug</Filter>
    </ClCompile>
    <ClCompile Include="Release\moc_modbusserializedclient.cpp">
      <Filter>Generated Files\Release</Filter>
    </ClCompile>
    <ClCompile Include="Debug\moc_modbuschannel.cpp">
      <Filter>Generated Files\Debug</Filter>
    </ClCompile>
    <ClCompile Include="Release\moc_modbuschannel.cpp">
      <Filter>Generated Files\Release</Filter>
    </ClCompile>
    <ClCompile Include="Debug\moc_mainwindow.cpp">
      <Filter>Generated Files\Debug</Filter>
    </ClCompile>
    <ClCompile Include="Release\moc_mainwindow.cpp">
      <Filter>Generated Files\Release</Filter>
    </ClCompile>
    <ClCompile Include="Debug\moc_junctionbankdatabase.cpp">
      <Filter>Generated Files\Debug</Filter>
    </ClCompile>
    <ClCompile Include="Release\moc_junctionbankdatabase.cpp">
      <Filter>Generated Files\Release</Filter>
    </ClCompile>
    <ClCompile Include="Debug\moc_frontunitpanel.cpp">
      <Filter>Generated Files\Debug</Filter>
    </ClCompile>
    <ClCompile Include="Release\moc_frontunitpanel.cpp">
      <Filter>Generated Files\Release</Filter>
    </ClCompile>
    <ClCompile Include="Debug\moc_fronttwinfilter.cpp">
      <Filter>Generated Files\Debug</Filter>
    </ClCompile>
    <ClCompile Include="Release\moc_fronttwinfilter.cpp">
      <Filter>Generated Files\Release</Filter>
    </ClCompile>
    <ClCompile Include="Debug\moc_frontslot.cpp">
      <Filter>Generated Files\Debug</Filter>
    </ClCompile>
    <ClCompile Include="Release\moc_frontslot.cpp">
      <Filter>Generated Files\Release</Filter>
    </ClCompile>
    <ClCompile Include="Debug\moc_frontsinglefilter.cpp">
      <Filter>Generated Files\Debug</Filter>
    </ClCompile>
    <ClCompile Include="Release\moc_frontsinglefilter.cpp">
      <Filter>Generated Files\Release</Filter>
    </ClCompile>
    <ClCompile Include="Debug\moc_frontsafetypanel.cpp">
      <Filter>Generated Files\Debug</Filter>
    </ClCompile>
    <ClCompile Include="Release\moc_frontsafetypanel.cpp">
      <Filter>Generated Files\Release</Filter>
    </ClCompile>
    <ClCompile Include="Debug\moc_frontreportquerytable.cpp">
      <Filter>Generated Files\Debug</Filter>
    </ClCompile>
    <ClCompile Include="Release\moc_frontreportquerytable.cpp">
      <Filter>Generated Files\Release</Filter>
    </ClCompile>
    <ClCompile Include="Debug\moc_frontmaterialselectionv2.cpp">
      <Filter>Generated Files\Debug</Filter>
    </ClCompile>
    <ClCompile Include="Release\moc_frontmaterialselectionv2.cpp">
      <Filter>Generated Files\Release</Filter>
    </ClCompile>
    <ClCompile Include="Debug\moc_frontmaterialselection.cpp">
      <Filter>Generated Files\Debug</Filter>
    </ClCompile>
    <ClCompile Include="Release\moc_frontmaterialselection.cpp">
      <Filter>Generated Files\Release</Filter>
    </ClCompile>
    <ClCompile Include="Debug\moc_frontmanaualmode.cpp">
      <Filter>Generated Files\Debug</Filter>
    </ClCompile>
    <ClCompile Include="Release\moc_frontmanaualmode.cpp">
      <Filter>Generated Files\Release</Filter>
    </ClCompile>
    <ClCompile Include="Debug\moc_frontiooverride.cpp">
      <Filter>Generated Files\Debug</Filter>
    </ClCompile>
    <ClCompile Include="Release\moc_frontiooverride.cpp">
      <Filter>Generated Files\Release</Filter>
    </ClCompile>
    <ClCompile Include="Debug\moc_frontcylinderpanel.cpp">
      <Filter>Generated Files\Debug</Filter>
    </ClCompile>
    <ClCompile Include="Release\moc_frontcylinderpanel.cpp">
      <Filter>Generated Files\Release</Filter>
    </ClCompile>
    <ClCompile Include="Debug\moc_frontcontrolpanel.cpp">
      <Filter>Generated Files\Debug</Filter>
    </ClCompile>
    <ClCompile Include="Release\moc_frontcontrolpanel.cpp">
      <Filter>Generated Files\Release</Filter>
    </ClCompile>
    <ClCompile Include="Debug\moc_frontconfigurationtransfer.cpp">
      <Filter>Generated Files\Debug</Filter>
    </ClCompile>
    <ClCompile Include="Release\moc_frontconfigurationtransfer.cpp">
      <Filter>Generated Files\Release</Filter>
    </ClCompile>
    <ClCompile Include="Debug\moc_frontbanktransfer.cpp">
      <Filter>Generated Files\Debug</Filter>
    </ClCompile>
    <ClCompile Include="Release\moc_frontbanktransfer.cpp">
      <Filter>Generated Files\Release</Filter>
    </ClCompile>
    <ClCompile Include="Debug\moc_enumcomboboxgeneric.cpp">
      <Filter>Generated Files\Debug</Filter>
    </ClCompile>
    <ClCompile Include="Release\moc_enumcomboboxgeneric.cpp">
      <Filter>Generated Files\Release</Filter>
    </ClCompile>
    <ClCompile Include="Debug\moc_enumcomboboxdynamic.cpp">
      <Filter>Generated Files\Debug</Filter>
    </ClCompile>
    <ClCompile Include="Release\moc_enumcomboboxdynamic.cpp">
      <Filter>Generated Files\Release</Filter>
    </ClCompile>
    <ClCompile Include="Debug\moc_delegatematerialselector.cpp">
      <Filter>Generated Files\Debug</Filter>
    </ClCompile>
    <ClCompile Include="Release\moc_delegatematerialselector.cpp">
      <Filter>Generated Files\Release</Filter>
    </ClCompile>
    <ClCompile Include="Debug\moc_delegatedataselector.cpp">
      <Filter>Generated Files\Debug</Filter>
    </ClCompile>
    <ClCompile Include="Release\moc_delegatedataselector.cpp">
      <Filter>Generated Files\Release</Filter>
    </ClCompile>
    <ClCompile Include="Debug\moc_definitioncylinderblock.cpp">
      <Filter>Generated Files\Debug</Filter>
    </ClCompile>
    <ClCompile Include="Release\moc_definitioncylinderblock.cpp">
      <Filter>Generated Files\Release</Filter>
    </ClCompile>
    <ClCompile Include="Debug\moc_controllersafety.cpp">
      <Filter>Generated Files\Debug</Filter>
    </ClCompile>
    <ClCompile Include="Release\moc_controllersafety.cpp">
      <Filter>Generated Files\Release</Filter>
    </ClCompile>
    <ClCompile Include="Debug\moc_controllermaterialtransfer.cpp">
      <Filter>Generated Files\Debug</Filter>
    </ClCompile>
    <ClCompile Include="Release\moc_controllermaterialtransfer.cpp">
      <Filter>Generated Files\Release</Filter>
    </ClCompile>
    <ClCompile Include="Debug\moc_controllermanualmode.cpp">
      <Filter>Generated Files\Debug</Filter>
    </ClCompile>
    <ClCompile Include="Release\moc_controllermanualmode.cpp">
      <Filter>Generated Files\Release</Filter>
    </ClCompile>
    <ClCompile Include="Debug\moc_controllermainpanel.cpp">
      <Filter>Generated Files\Debug</Filter>
    </ClCompile>
    <ClCompile Include="Release\moc_controllermainpanel.cpp">
      <Filter>Generated Files\Release</Filter>
    </ClCompile>
    <ClCompile Include="Debug\moc_controllerbanktransfer.cpp">
      <Filter>Generated Files\Debug</Filter>
    </ClCompile>
    <ClCompile Include="Release\moc_controllerbanktransfer.cpp">
      <Filter>Generated Files\Release</Filter>
    </ClCompile>
    <ClCompile Include="Debug\moc_controllerauth.cpp">
      <Filter>Generated Files\Debug</Filter>
    </ClCompile>
    <ClCompile Include="Release\moc_controllerauth.cpp">
      <Filter>Generated Files\Release</Filter>
    </ClCompile>
    <ClCompile Include="Debug\moc_adsclient.cpp">
      <Filter>Generated Files\Debug</Filter>
    </ClCompile>
    <ClCompile Include="Release\moc_adsclient.cpp">
      <Filter>Generated Files\Release</Filter>
    </ClCompile>
    <ClCompile Include="Debug\moc_abstractsqltableadpater.cpp">
      <Filter>Generated Files\Debug</Filter>
    </ClCompile>
    <ClCompile Include="Release\moc_abstractsqltableadpater.cpp">
      <Filter>Generated Files\Release</Filter>
    </ClCompile>
    <ClCompile Include="Debug\moc_definitionunitblocks.cpp">
      <Filter>Generated Files\Debug</Filter>
    </ClCompile>
    <ClCompile Include="Release\moc_definitionunitblocks.cpp">
      <Filter>Generated Files\Release</Filter>
    </ClCompile>
    <ClCompile Include="Debug\moc_definitionslotblock.cpp">
      <Filter>Generated Files\Debug</Filter>
    </ClCompile>
    <ClCompile Include="Release\moc_definitionslotblock.cpp">
      <Filter>Generated Files\Release</Filter>
    </ClCompile>
    <ClCompile Include="Debug\moc_definitionsignalblock.cpp">
      <Filter>Generated Files\Debug</Filter>
    </ClCompile>
    <ClCompile Include="Release\moc_definitionsignalblock.cpp">
      <Filter>Generated Files\Release</Filter>
    </ClCompile>
    <ClCompile Include="Debug\moc_definitionmaterialkeys.cpp">
      <Filter>Generated Files\Debug</Filter>
    </ClCompile>
    <ClCompile Include="Release\moc_definitionmaterialkeys.cpp">
      <Filter>Generated Files\Release</Filter>
    </ClCompile>
    <ClCompile Include="Debug\moc_definitionioattributes.cpp">
      <Filter>Generated Files\Debug</Filter>
    </ClCompile>
    <ClCompile Include="Release\moc_definitionioattributes.cpp">
      <Filter>Generated Files\Release</Filter>
    </ClCompile>
    <ClCompile Include="Debug\moc_definitioncommandblock.cpp">
      <Filter>Generated Files\Debug</Filter>
    </ClCompile>
    <ClCompile Include="Release\moc_definitioncommandblock.cpp">
      <Filter>Generated Files\Release</Filter>
    </ClCompile>
    <ClCompile Include="Debug\moc_definitionaxisblocks.cpp">
      <Filter>Generated Files\Debug</Filter>
    </ClCompile>
    <ClCompile Include="Release\moc_definitionaxisblocks.cpp">
      <Filter>Generated Files\Release</Filter>
    </ClCompile>
    <ClCompile Include="Debug\moc_definitionauxiliarykeys.cpp">
      <Filter>Generated Files\Debug</Filter>
    </ClCompile>
    <ClCompile Include="Release\moc_definitionauxiliarykeys.cpp">
      <Filter>Generated Files\Release</Filter>
    </ClCompile>
  </ItemGroup>
  <ItemGroup>
    <ClInclude Include="C:\TwinCAT\AdsApi\TcAdsDll\Include\TcAdsAPI.h">
      <Filter>Header Files</Filter>
    </ClInclude>
    <ClInclude Include="C:\TwinCAT\AdsApi\TcAdsDll\Include\TcAdsDef.h">
      <Filter>Header Files</Filter>
    </ClInclude>
    <ClInclude Include="abstractauthreceiver.h">
      <Filter>Header Files</Filter>
    </ClInclude>
    <CustomBuild Include="abstractsqltableadpater.h">
      <Filter>Header Files</Filter>
    </CustomBuild>
    <CustomBuild Include="controllerauth.h">
      <Filter>Header Files</Filter>
    </CustomBuild>
    <CustomBuild Include="controllerbanktransfer.h">
      <Filter>Header Files</Filter>
    </CustomBuild>
    <CustomBuild Include="controllermainpanel.h">
      <Filter>Header Files</Filter>
    </CustomBuild>
    <CustomBuild Include="controllermanualmode.h">
      <Filter>Header Files</Filter>
    </CustomBuild>
    <CustomBuild Include="controllermaterialtransfer.h">
      <Filter>Header Files</Filter>
    </CustomBuild>
    <CustomBuild Include="controllersafety.h">
      <Filter>Header Files</Filter>
    </CustomBuild>
    <CustomBuild Include="definitionauxiliarykeys.h">
      <Filter>Header Files</Filter>
    </CustomBuild>
    <CustomBuild Include="definitionaxisblocks.h">
      <Filter>Header Files</Filter>
    </CustomBuild>
    <ClInclude Include="definitionbasicblocks.h">
      <Filter>Header Files</Filter>
    </ClInclude>
    <CustomBuild Include="definitioncommandblock.h">
      <Filter>Header Files</Filter>
    </CustomBuild>
    <CustomBuild Include="definitioncylinderblock.h">
      <Filter>Header Files</Filter>
    </CustomBuild>
    <CustomBuild Include="definitionioattributes.h">
      <Filter>Header Files</Filter>
    </CustomBuild>
    <CustomBuild Include="definitionmaterialkeys.h">
      <Filter>Header Files</Filter>
    </CustomBuild>
    <ClInclude Include="definitionsbaselayer.h">
      <Filter>Header Files</Filter>
    </ClInclude>
    <CustomBuild Include="definitionsignalblock.h">
      <Filter>Header Files</Filter>
    </CustomBuild>
    <CustomBuild Include="definitionslotblock.h">
      <Filter>Header Files</Filter>
    </CustomBuild>
    <CustomBuild Include="definitionunitblocks.h">
      <Filter>Header Files</Filter>
    </CustomBuild>
    <CustomBuild Include="delegatedataselector.h">
      <Filter>Header Files</Filter>
    </CustomBuild>
    <CustomBuild Include="delegatematerialselector.h">
      <Filter>Header Files</Filter>
    </CustomBuild>
    <CustomBuild Include="enumcomboboxdynamic.h">
      <Filter>Header Files</Filter>
    </CustomBuild>
    <CustomBuild Include="enumcomboboxgeneric.h">
      <Filter>Header Files</Filter>
    </CustomBuild>
    <CustomBuild Include="frontbanktransfer.h">
      <Filter>Header Files</Filter>
    </CustomBuild>
    <CustomBuild Include="frontconfigurationtransfer.h">
      <Filter>Header Files</Filter>
    </CustomBuild>
    <CustomBuild Include="frontcontrolpanel.h">
      <Filter>Header Files</Filter>
    </CustomBuild>
    <CustomBuild Include="frontcylinderpanel.h">
      <Filter>Header Files</Filter>
    </CustomBuild>
    <CustomBuild Include="frontiooverride.h">
      <Filter>Header Files</Filter>
    </CustomBuild>
    <CustomBuild Include="frontmanaualmode.h">
      <Filter>Header Files</Filter>
    </CustomBuild>
    <CustomBuild Include="frontmaterialselection.h">
      <Filter>Header Files</Filter>
    </CustomBuild>
    <CustomBuild Include="frontmaterialselectionv2.h">
      <Filter>Header Files</Filter>
    </CustomBuild>
    <CustomBuild Include="frontreportquerytable.h">
      <Filter>Header Files</Filter>
    </CustomBuild>
    <CustomBuild Include="frontsafetypanel.h">
      <Filter>Header Files</Filter>
    </CustomBuild>
    <CustomBuild Include="frontsinglefilter.h">
      <Filter>Header Files</Filter>
    </CustomBuild>
    <CustomBuild Include="frontslot.h">
      <Filter>Header Files</Filter>
    </CustomBuild>
    <CustomBuild Include="fronttwinfilter.h">
      <Filter>Header Files</Filter>
    </CustomBuild>
    <CustomBuild Include="frontunitpanel.h">
      <Filter>Header Files</Filter>
    </CustomBuild>
    <CustomBuild Include="junctionbankdatabase.h">
      <Filter>Header Files</Filter>
    </CustomBuild>
    <CustomBuild Include="mainwindow.h">
      <Filter>Header Files</Filter>
    </CustomBuild>
    <CustomBuild Include="modbuschannel.h">
      <Filter>Header Files</Filter>
    </CustomBuild>
    <CustomBuild Include="modbusserializedclient.h">
      <Filter>Header Files</Filter>
    </CustomBuild>
    <CustomBuild Include="modbussetupwidget.h">
      <Filter>Header Files</Filter>
    </CustomBuild>
    <CustomBuild Include="tablemodelcylindervisual.h">
      <Filter>Header Files</Filter>
    </CustomBuild>
    <CustomBuild Include="tablemodeliooverride.h">
      <Filter>Header Files</Filter>
    </CustomBuild>
    <ClInclude Include="utilities.h">
      <Filter>Header Files</Filter>
    </ClInclude>
    <ClInclude Include="GeneratedFiles\ui_frontbanktransfer.h">
      <Filter>Generated Files</Filter>
    </ClInclude>
    <ClInclude Include="GeneratedFiles\ui_frontconfigurationtransfer.h">
      <Filter>Generated Files</Filter>
    </ClInclude>
    <ClInclude Include="GeneratedFiles\ui_frontcontrolpanel.h">
      <Filter>Generated Files</Filter>
    </ClInclude>
    <ClInclude Include="GeneratedFiles\ui_frontcylinderpanel.h">
      <Filter>Generated Files</Filter>
    </ClInclude>
    <ClInclude Include="GeneratedFiles\ui_frontiooverride.h">
      <Filter>Generated Files</Filter>
    </ClInclude>
    <ClInclude Include="GeneratedFiles\ui_frontmanaualmode.h">
      <Filter>Generated Files</Filter>
    </ClInclude>
    <ClInclude Include="GeneratedFiles\ui_frontmaterialselection.h">
      <Filter>Generated Files</Filter>
    </ClInclude>
    <ClInclude Include="GeneratedFiles\ui_frontmaterialselectionv2.h">
      <Filter>Generated Files</Filter>
    </ClInclude>
    <ClInclude Include="GeneratedFiles\ui_frontreportquerytable.h">
      <Filter>Generated Files</Filter>
    </ClInclude>
    <ClInclude Include="GeneratedFiles\ui_frontsafetypanel.h">
      <Filter>Generated Files</Filter>
    </ClInclude>
    <ClInclude Include="GeneratedFiles\ui_frontsinglefilter.h">
      <Filter>Generated Files</Filter>
    </ClInclude>
    <ClInclude Include="GeneratedFiles\ui_frontslot.h">
      <Filter>Generated Files</Filter>
    </ClInclude>
    <ClInclude Include="GeneratedFiles\ui_fronttwinfilter.h">
      <Filter>Generated Files</Filter>
    </ClInclude>
    <ClInclude Include="GeneratedFiles\ui_frontunitpanel.h">
      <Filter>Generated Files</Filter>
    </ClInclude>
    <ClInclude Include="GeneratedFiles\ui_mainwindow.h">
      <Filter>Generated Files</Filter>
    </ClInclude>
    <ClInclude Include="GeneratedFiles\ui_modbussetupwidget.h">
      <Filter>Generated Files</Filter>
    </ClInclude>
    <ClInclude Include="adsRequest.h">
      <Filter>Header Files</Filter>
    </ClInclude>
  </ItemGroup>
  <ItemGroup>
    <CustomBuild Include="debug\moc_predefs.h.cbt">
      <Filter>Generated Files</Filter>
    </CustomBuild>
    <CustomBuild Include="release\moc_predefs.h.cbt">
      <Filter>Generated Files</Filter>
    </CustomBuild>
  </ItemGroup>
  <ItemGroup>
    <CustomBuild Include="frontbanktransfer.ui">
      <Filter>Form Files</Filter>
    </CustomBuild>
    <CustomBuild Include="frontconfigurationtransfer.ui">
      <Filter>Form Files</Filter>
    </CustomBuild>
    <CustomBuild Include="frontcontrolpanel.ui">
      <Filter>Form Files</Filter>
    </CustomBuild>
    <CustomBuild Include="frontcylinderpanel.ui">
      <Filter>Form Files</Filter>
    </CustomBuild>
    <CustomBuild Include="frontiooverride.ui">
      <Filter>Form Files</Filter>
    </CustomBuild>
    <CustomBuild Include="frontmanaualmode.ui">
      <Filter>Form Files</Filter>
    </CustomBuild>
    <CustomBuild Include="frontmaterialselection.ui">
      <Filter>Form Files</Filter>
    </CustomBuild>
    <CustomBuild Include="frontmaterialselectionv2.ui">
      <Filter>Form Files</Filter>
    </CustomBuild>
    <CustomBuild Include="frontreportquerytable.ui">
      <Filter>Form Files</Filter>
    </CustomBuild>
    <CustomBuild Include="frontsafetypanel.ui">
      <Filter>Form Files</Filter>
    </CustomBuild>
    <CustomBuild Include="frontsinglefilter.ui">
      <Filter>Form Files</Filter>
    </CustomBuild>
    <CustomBuild Include="frontslot.ui">
      <Filter>Form Files</Filter>
    </CustomBuild>
    <CustomBuild Include="fronttwinfilter.ui">
      <Filter>Form Files</Filter>
    </CustomBuild>
    <CustomBuild Include="frontunitpanel.ui">
      <Filter>Form Files</Filter>
    </CustomBuild>
    <CustomBuild Include="mainwindow.ui">
      <Filter>Form Files</Filter>
    </CustomBuild>
    <CustomBuild Include="modbussetupwidget.ui">
      <Filter>Form Files</Filter>
    </CustomBuild>
    <CustomBuild Include="adsclient.h">
      <Filter>Header Files</Filter>
    </CustomBuild>
  </ItemGroup>
</Project>